
Microsoft Visual Studio Solution File, Format Version 12.00
# Visual Studio Version 16
VisualStudioVersion = 16.0.29509.3
MinimumVisualStudioVersion = 10.0.40219.1
Project("{FAE04EC0-301F-11D3-BF4B-00C04F79EFBC}") = "Deliverable_2_Ody", "Deliverable_2_Ody\Deliverable_2_Ody.csproj", "{535ECB25-ACDB-4760-AF15-B033271B5A33}"
EndProject
Global
	GlobalSection(SolutionConfigurationPlatforms) = preSolution
		Debug|Any CPU = Debug|Any CPU
		Release|Any CPU = Release|Any CPU
	EndGlobalSection
	GlobalSection(ProjectConfigurationPlatforms) = postSolution
		{535ECB25-ACDB-4760-AF15-B033271B5A33}.Debug|Any CPU.ActiveCfg = Debug|Any CPU
		{535ECB25-ACDB-4760-AF15-B033271B5A33}.Debug|Any CPU.Build.0 = Debug|Any CPU
		{535ECB25-ACDB-4760-AF15-B033271B5A33}.Release|Any CPU.ActiveCfg = Release|Any CPU
		{535ECB25-ACDB-4760-AF15-B033271B5A33}.Release|Any CPU.Build.0 = Release|Any CPU
	EndGlobalSection
	GlobalSection(SolutionProperties) = preSolution
		HideSolutionNode = FALSE
	EndGlobalSection
	GlobalSection(ExtensibilityGlobals) = postSolution
		SolutionGuid = {C37FD10A-5144-48FF-ACE8-FAA69A76600B}
	EndGlobalSection
EndGlobal
